
Microsoft Visual Studio Solution File, Format Version 12.00
# Visual Studio Version 17
VisualStudioVersion = 17.0.31919.166
MinimumVisualStudioVersion = 10.0.40219.1
Project("{FAE04EC0-301F-11D3-BF4B-00C04F79EFBC}") = "tamrine 7 suren", "tamrine 7 suren\tamrine 7 suren.csproj", "{982CC591-72ED-47CF-BC11-6F498DB84A75}"
EndProject
Global
	GlobalSection(SolutionConfigurationPlatforms) = preSolution
		Debug|Any CPU = Debug|Any CPU
		Release|Any CPU = Release|Any CPU
	EndGlobalSection
	GlobalSection(ProjectConfigurationPlatforms) = postSolution
		{982CC591-72ED-47CF-BC11-6F498DB84A75}.Debug|Any CPU.ActiveCfg = Debug|Any CPU
		{982CC591-72ED-47CF-BC11-6F498DB84A75}.Debug|Any CPU.Build.0 = Debug|Any CPU
		{982CC591-72ED-47CF-BC11-6F498DB84A75}.Release|Any CPU.ActiveCfg = Release|Any CPU
		{982CC591-72ED-47CF-BC11-6F498DB84A75}.Release|Any CPU.Build.0 = Release|Any CPU
	EndGlobalSection
	GlobalSection(SolutionProperties) = preSolution
		HideSolutionNode = FALSE
	EndGlobalSection
	GlobalSection(ExtensibilityGlobals) = postSolution
		SolutionGuid = {91F3906C-D7C1-422B-A4AD-E5064A2974DB}
	EndGlobalSection
EndGlobal
